
Microsoft Visual Studio Solution File, Format Version 12.00
# Visual Studio Version 17
VisualStudioVersion = 17.8.34330.188
MinimumVisualStudioVersion = 10.0.40219.1
Project("{FAE04EC0-301F-11D3-BF4B-00C04F79EFBC}") = "Sudoku", "Sudoku\Sudoku.csproj", "{9B4C655C-6B8A-4944-A8D8-C3508E9B875B}"
EndProject
Global
	GlobalSection(SolutionConfigurationPlatforms) = preSolution
		Debug|Any CPU = Debug|Any CPU
		Release|Any CPU = Release|Any CPU
	EndGlobalSection
	GlobalSection(ProjectConfigurationPlatforms) = postSolution
		{9B4C655C-6B8A-4944-A8D8-C3508E9B875B}.Debug|Any CPU.ActiveCfg = Debug|Any CPU
		{9B4C655C-6B8A-4944-A8D8-C3508E9B875B}.Debug|Any CPU.Build.0 = Debug|Any CPU
		{9B4C655C-6B8A-4944-A8D8-C3508E9B875B}.Release|Any CPU.ActiveCfg = Release|Any CPU
		{9B4C655C-6B8A-4944-A8D8-C3508E9B875B}.Release|Any CPU.Build.0 = Release|Any CPU
	EndGlobalSection
	GlobalSection(SolutionProperties) = preSolution
		HideSolutionNode = FALSE
	EndGlobalSection
	GlobalSection(ExtensibilityGlobals) = postSolution
		SolutionGuid = {48B93D2A-7EB7-4DB5-B8BE-DC709FD5EC59}
	EndGlobalSection
EndGlobal
